// !$*UTF8*$!
{
	archiveVersion = 1;
	classes = {
	};
	objectVersion = 50;
	objects = {

/* Begin PBXBuildFile section */
		256473AB2256D4F2001AEBB3 /* AppDelegate.swift in Sources */ = {isa = PBXBuildFile; fileRef = 256473AA2256D4F2001AEBB3 /* AppDelegate.swift */; };
		256473B02256D4F2001AEBB3 /* Main.storyboard in Resources */ = {isa = PBXBuildFile; fileRef = 256473AE2256D4F2001AEBB3 /* Main.storyboard */; };
		256473B32256D4F2001AEBB3 /* Virtual_Tourist.xcdatamodeld in Sources */ = {isa = PBXBuildFile; fileRef = 256473B12256D4F2001AEBB3 /* Virtual_Tourist.xcdatamodeld */; };
		256473B52256D4F8001AEBB3 /* Assets.xcassets in Resources */ = {isa = PBXBuildFile; fileRef = 256473B42256D4F8001AEBB3 /* Assets.xcassets */; };
		256473B82256D4F8001AEBB3 /* LaunchScreen.storyboard in Resources */ = {isa = PBXBuildFile; fileRef = 256473B62256D4F8001AEBB3 /* LaunchScreen.storyboard */; };
		256473C32256D4F8001AEBB3 /* Virtual_TouristTests.swift in Sources */ = {isa = PBXBuildFile; fileRef = 256473C22256D4F8001AEBB3 /* Virtual_TouristTests.swift */; };
		256473CE2256D4F8001AEBB3 /* Virtual_TouristUITests.swift in Sources */ = {isa = PBXBuildFile; fileRef = 256473CD2256D4F8001AEBB3 /* Virtual_TouristUITests.swift */; };
		256473E22256E454001AEBB3 /* TravelLocationsViewController.swift in Sources */ = {isa = PBXBuildFile; fileRef = 256473E12256E454001AEBB3 /* TravelLocationsViewController.swift */; };
		256473E42256E498001AEBB3 /* PhotoAlbumViewController.swift in Sources */ = {isa = PBXBuildFile; fileRef = 256473E32256E498001AEBB3 /* PhotoAlbumViewController.swift */; };
		256473E62256FDB3001AEBB3 /* PhotoViewCell.swift in Sources */ = {isa = PBXBuildFile; fileRef = 256473E52256FDB3001AEBB3 /* PhotoViewCell.swift */; };
		256473EB225719BD001AEBB3 /* Photo+CoreDataClass.swift in Sources */ = {isa = PBXBuildFile; fileRef = 256473E7225719BD001AEBB3 /* Photo+CoreDataClass.swift */; };
		256473EC225719BD001AEBB3 /* Photo+CoreDataProperties.swift in Sources */ = {isa = PBXBuildFile; fileRef = 256473E8225719BD001AEBB3 /* Photo+CoreDataProperties.swift */; };
		256473ED225719BD001AEBB3 /* Pin+CoreDataClass.swift in Sources */ = {isa = PBXBuildFile; fileRef = 256473E9225719BD001AEBB3 /* Pin+CoreDataClass.swift */; };
		256473EE225719BD001AEBB3 /* Pin+CoreDataProperties.swift in Sources */ = {isa = PBXBuildFile; fileRef = 256473EA225719BD001AEBB3 /* Pin+CoreDataProperties.swift */; };
		25A44AFF2257F0DE00402719 /* CoreDataManager.swift in Sources */ = {isa = PBXBuildFile; fileRef = 25A44AFE2257F0DE00402719 /* CoreDataManager.swift */; };
		25A44B012257FA3800402719 /* ViewController+Extensions.swift in Sources */ = {isa = PBXBuildFile; fileRef = 25A44B002257FA3800402719 /* ViewController+Extensions.swift */; };
		25A44B112258426D00402719 /* PhotoAlbumViewController+Extension.swift in Sources */ = {isa = PBXBuildFile; fileRef = 25A44B102258426D00402719 /* PhotoAlbumViewController+Extension.swift */; };
		25A44B132258429500402719 /* PhotosParser.swift in Sources */ = {isa = PBXBuildFile; fileRef = 25A44B122258429500402719 /* PhotosParser.swift */; };
		25A44B1B2258438900402719 /* Client.swift in Sources */ = {isa = PBXBuildFile; fileRef = 25A44B192258438900402719 /* Client.swift */; };
		25A44B1C2258438900402719 /* Client+Extension.swift in Sources */ = {isa = PBXBuildFile; fileRef = 25A44B1A2258438900402719 /* Client+Extension.swift */; };
/* End PBXBuildFile section */

/* Begin PBXContainerItemProxy section */
		256473BF2256D4F8001AEBB3 /* PBXContainerItemProxy */ = {
			isa = PBXContainerItemProxy;
			containerPortal = 2564739F2256D4F2001AEBB3 /* Project object */;
			proxyType = 1;
			remoteGlobalIDString = 256473A62256D4F2001AEBB3;
			remoteInfo = "Virtual Tourist";
		};
		256473CA2256D4F8001AEBB3 /* PBXContainerItemProxy */ = {
			isa = PBXContainerItemProxy;
			containerPortal = 2564739F2256D4F2001AEBB3 /* Project object */;
			proxyType = 1;
			remoteGlobalIDString = 256473A62256D4F2001AEBB3;
			remoteInfo = "Virtual Tourist";
		};
/* End PBXContainerItemProxy section */

/* Begin PBXFileReference section */
		256473A72256D4F2001AEBB3 /* Virtual Tourist.app */ = {isa = PBXFileReference; explicitFileType = wrapper.application; includeInIndex = 0; path = "Virtual Tourist.app"; sourceTree = BUILT_PRODUCTS_DIR; };
		256473AA2256D4F2001AEBB3 /* AppDelegate.swift */ = {isa = PBXFileReference; lastKnownFileType = sourcecode.swift; path = AppDelegate.swift; sourceTree = "<group>"; };
		256473AF2256D4F2001AEBB3 /* Base */ = {isa = PBXFileReference; lastKnownFileType = file.storyboard; name = Base; path = Base.lproj/Main.storyboard; sourceTree = "<group>"; };
		256473B22256D4F2001AEBB3 /* Virtual_Tourist.xcdatamodel */ = {isa = PBXFileReference; lastKnownFileType = wrapper.xcdatamodel; path = Virtual_Tourist.xcdatamodel; sourceTree = "<group>"; };
		256473B42256D4F8001AEBB3 /* Assets.xcassets */ = {isa = PBXFileReference; lastKnownFileType = folder.assetcatalog; path = Assets.xcassets; sourceTree = "<group>"; };
		256473B72256D4F8001AEBB3 /* Base */ = {isa = PBXFileReference; lastKnownFileType = file.storyboard; name = Base; path = Base.lproj/LaunchScreen.storyboard; sourceTree = "<group>"; };
		256473B92256D4F8001AEBB3 /* Info.plist */ = {isa = PBXFileReference; lastKnownFileType = text.plist.xml; path = Info.plist; sourceTree = "<group>"; };
		256473BE2256D4F8001AEBB3 /* Virtual TouristTests.xctest */ = {isa = PBXFileReference; explicitFileType = wrapper.cfbundle; includeInIndex = 0; path = "Virtual TouristTests.xctest"; sourceTree = BUILT_PRODUCTS_DIR; };
		256473C22256D4F8001AEBB3 /* Virtual_TouristTests.swift */ = {isa = PBXFileReference; lastKnownFileType = sourcecode.swift; path = Virtual_TouristTests.swift; sourceTree = "<group>"; };
		256473C42256D4F8001AEBB3 /* Info.plist */ = {isa = PBXFileReference; lastKnownFileType = text.plist.xml; path = Info.plist; sourceTree = "<group>"; };
		256473C92256D4F8001AEBB3 /* Virtual TouristUITests.xctest */ = {isa = PBXFileReference; explicitFileType = wrapper.cfbundle; includeInIndex = 0; path = "Virtual TouristUITests.xctest"; sourceTree = BUILT_PRODUCTS_DIR; };
		256473CD2256D4F8001AEBB3 /* Virtual_TouristUITests.swift */ = {isa = PBXFileReference; lastKnownFileType = sourcecode.swift; path = Virtual_TouristUITests.swift; sourceTree = "<group>"; };
		256473CF2256D4F8001AEBB3 /* Info.plist */ = {isa = PBXFileReference; lastKnownFileType = text.plist.xml; path = Info.plist; sourceTree = "<group>"; };
		256473E12256E454001AEBB3 /* TravelLocationsViewController.swift */ = {isa = PBXFileReference; lastKnownFileType = sourcecode.swift; path = TravelLocationsViewController.swift; sourceTree = "<group>"; };
		256473E32256E498001AEBB3 /* PhotoAlbumViewController.swift */ = {isa = PBXFileReference; lastKnownFileType = sourcecode.swift; path = PhotoAlbumViewController.swift; sourceTree = "<group>"; };
		256473E52256FDB3001AEBB3 /* PhotoViewCell.swift */ = {isa = PBXFileReference; lastKnownFileType = sourcecode.swift; path = PhotoViewCell.swift; sourceTree = "<group>"; };
		256473E7225719BD001AEBB3 /* Photo+CoreDataClass.swift */ = {isa = PBXFileReference; lastKnownFileType = sourcecode.swift; path = "Photo+CoreDataClass.swift"; sourceTree = "<group>"; };
		256473E8225719BD001AEBB3 /* Photo+CoreDataProperties.swift */ = {isa = PBXFileReference; lastKnownFileType = sourcecode.swift; path = "Photo+CoreDataProperties.swift"; sourceTree = "<group>"; };
		256473E9225719BD001AEBB3 /* Pin+CoreDataClass.swift */ = {isa = PBXFileReference; lastKnownFileType = sourcecode.swift; path = "Pin+CoreDataClass.swift"; sourceTree = "<group>"; };
		256473EA225719BD001AEBB3 /* Pin+CoreDataProperties.swift */ = {isa = PBXFileReference; lastKnownFileType = sourcecode.swift; path = "Pin+CoreDataProperties.swift"; sourceTree = "<group>"; };
		25A44AFE2257F0DE00402719 /* CoreDataManager.swift */ = {isa = PBXFileReference; lastKnownFileType = sourcecode.swift; path = CoreDataManager.swift; sourceTree = "<group>"; };
		25A44B002257FA3800402719 /* ViewController+Extensions.swift */ = {isa = PBXFileReference; lastKnownFileType = sourcecode.swift; path = "ViewController+Extensions.swift"; sourceTree = "<group>"; };
		25A44B102258426D00402719 /* PhotoAlbumViewController+Extension.swift */ = {isa = PBXFileReference; lastKnownFileType = sourcecode.swift; path = "PhotoAlbumViewController+Extension.swift"; sourceTree = "<group>"; };
		25A44B122258429500402719 /* PhotosParser.swift */ = {isa = PBXFileReference; lastKnownFileType = sourcecode.swift; path = PhotosParser.swift; sourceTree = "<group>"; };
		25A44B192258438900402719 /* Client.swift */ = {isa = PBXFileReference; fileEncoding = 4; lastKnownFileType = sourcecode.swift; name = Client.swift; path = "Virtual Tourist/Network/Client.swift"; sourceTree = SOURCE_ROOT; };
		25A44B1A2258438900402719 /* Client+Extension.swift */ = {isa = PBXFileReference; fileEncoding = 4; lastKnownFileType = sourcecode.swift; name = "Client+Extension.swift"; path = "Virtual Tourist/Network/Client+Extension.swift"; sourceTree = SOURCE_ROOT; };
/* End PBXFileReference section */

/* Begin PBXFrameworksBuildPhase section */
		256473A42256D4F2001AEBB3 /* Frameworks */ = {
			isa = PBXFrameworksBuildPhase;
			buildActionMask = 2147483647;
			files = (
			);
			runOnlyForDeploymentPostprocessing = 0;
		};
		256473BB2256D4F8001AEBB3 /* Frameworks */ = {
			isa = PBXFrameworksBuildPhase;
			buildActionMask = 2147483647;
			files = (
			);
			runOnlyForDeploymentPostprocessing = 0;
		};
		256473C62256D4F8001AEBB3 /* Frameworks */ = {
			isa = PBXFrameworksBuildPhase;
			buildActionMask = 2147483647;
			files = (
			);
			runOnlyForDeploymentPostprocessing = 0;
		};
/* End PBXFrameworksBuildPhase section */

/* Begin PBXGroup section */
		2564739E2256D4F2001AEBB3 = {
			isa = PBXGroup;
			children = (
				256473A92256D4F2001AEBB3 /* Virtual Tourist */,
				256473C12256D4F8001AEBB3 /* Virtual TouristTests */,
				256473CC2256D4F8001AEBB3 /* Virtual TouristUITests */,
				256473A82256D4F2001AEBB3 /* Products */,
			);
			sourceTree = "<group>";
		};
		256473A82256D4F2001AEBB3 /* Products */ = {
			isa = PBXGroup;
			children = (
				256473A72256D4F2001AEBB3 /* Virtual Tourist.app */,
				256473BE2256D4F8001AEBB3 /* Virtual TouristTests.xctest */,
				256473C92256D4F8001AEBB3 /* Virtual TouristUITests.xctest */,
			);
			name = Products;
			sourceTree = "<group>";
		};
		256473A92256D4F2001AEBB3 /* Virtual Tourist */ = {
			isa = PBXGroup;
			children = (
				25A44B182258435900402719 /* Network */,
				25A44AFA2257F08F00402719 /* Database */,
				256473E02256E3FB001AEBB3 /* Models */,
				256473DD2256E3A7001AEBB3 /* Views */,
				256473DC2256E38F001AEBB3 /* Extensions */,
				256473DF2256E3EB001AEBB3 /* Controllers */,
				256473AA2256D4F2001AEBB3 /* AppDelegate.swift */,
				256473AE2256D4F2001AEBB3 /* Main.storyboard */,
				256473B42256D4F8001AEBB3 /* Assets.xcassets */,
				256473B62256D4F8001AEBB3 /* LaunchScreen.storyboard */,
				256473B92256D4F8001AEBB3 /* Info.plist */,
				256473B12256D4F2001AEBB3 /* Virtual_Tourist.xcdatamodeld */,
			);
			path = "Virtual Tourist";
			sourceTree = "<group>";
		};
		256473C12256D4F8001AEBB3 /* Virtual TouristTests */ = {
			isa = PBXGroup;
			children = (
				256473C22256D4F8001AEBB3 /* Virtual_TouristTests.swift */,
				256473C42256D4F8001AEBB3 /* Info.plist */,
			);
			path = "Virtual TouristTests";
			sourceTree = "<group>";
		};
		256473CC2256D4F8001AEBB3 /* Virtual TouristUITests */ = {
			isa = PBXGroup;
			children = (
				256473CD2256D4F8001AEBB3 /* Virtual_TouristUITests.swift */,
				256473CF2256D4F8001AEBB3 /* Info.plist */,
			);
			path = "Virtual TouristUITests";
			sourceTree = "<group>";
		};
		256473DB2256E379001AEBB3 /* CustomView */ = {
			isa = PBXGroup;
			children = (
				256473E52256FDB3001AEBB3 /* PhotoViewCell.swift */,
			);
			path = CustomView;
			sourceTree = "<group>";
		};
		256473DC2256E38F001AEBB3 /* Extensions */ = {
			isa = PBXGroup;
			children = (
				25A44B002257FA3800402719 /* ViewController+Extensions.swift */,
			);
			path = Extensions;
			sourceTree = "<group>";
		};
		256473DD2256E3A7001AEBB3 /* Views */ = {
			isa = PBXGroup;
			children = (
				256473DB2256E379001AEBB3 /* CustomView */,
			);
			path = Views;
			sourceTree = "<group>";
		};
		256473DF2256E3EB001AEBB3 /* Controllers */ = {
			isa = PBXGroup;
			children = (
				256473E12256E454001AEBB3 /* TravelLocationsViewController.swift */,
				256473E32256E498001AEBB3 /* PhotoAlbumViewController.swift */,
				25A44B102258426D00402719 /* PhotoAlbumViewController+Extension.swift */,
			);
			path = Controllers;
			sourceTree = "<group>";
		};
		256473E02256E3FB001AEBB3 /* Models */ = {
			isa = PBXGroup;
			children = (
				256473E7225719BD001AEBB3 /* Photo+CoreDataClass.swift */,
				256473E8225719BD001AEBB3 /* Photo+CoreDataProperties.swift */,
				256473E9225719BD001AEBB3 /* Pin+CoreDataClass.swift */,
				256473EA225719BD001AEBB3 /* Pin+CoreDataProperties.swift */,
				25A44B122258429500402719 /* PhotosParser.swift */,
			);
			path = Models;
			sourceTree = "<group>";
		};
		25A44AFA2257F08F00402719 /* Database */ = {
			isa = PBXGroup;
			children = (
				25A44AFE2257F0DE00402719 /* CoreDataManager.swift */,
			);
			path = Database;
			sourceTree = "<group>";
		};
		25A44B182258435900402719 /* Network */ = {
			isa = PBXGroup;
			children = (
				25A44B192258438900402719 /* Client.swift */,
				25A44B1A2258438900402719 /* Client+Extension.swift */,
			);
			name = Network;
			path = "New Group";
			sourceTree = "<group>";
		};
/* End PBXGroup section */

/* Begin PBXNativeTarget section */
		256473A62256D4F2001AEBB3 /* Virtual Tourist */ = {
			isa = PBXNativeTarget;
			buildConfigurationList = 256473D22256D4F8001AEBB3 /* Build configuration list for PBXNativeTarget "Virtual Tourist" */;
			buildPhases = (
				256473A32256D4F2001AEBB3 /* Sources */,
				256473A42256D4F2001AEBB3 /* Frameworks */,
				256473A52256D4F2001AEBB3 /* Resources */,
			);
			buildRules = (
			);
			dependencies = (
			);
			name = "Virtual Tourist";
			productName = "Virtual Tourist";
			productReference = 256473A72256D4F2001AEBB3 /* Virtual Tourist.app */;
			productType = "com.apple.product-type.application";
		};
		256473BD2256D4F8001AEBB3 /* Virtual TouristTests */ = {
			isa = PBXNativeTarget;
			buildConfigurationList = 256473D52256D4F8001AEBB3 /* Build configuration list for PBXNativeTarget "Virtual TouristTests" */;
			buildPhases = (
				256473BA2256D4F8001AEBB3 /* Sources */,
				256473BB2256D4F8001AEBB3 /* Frameworks */,
				256473BC2256D4F8001AEBB3 /* Resources */,
			);
			buildRules = (
			);
			dependencies = (
				256473C02256D4F8001AEBB3 /* PBXTargetDependency */,
			);
			name = "Virtual TouristTests";
			productName = "Virtual TouristTests";
			productReference = 256473BE2256D4F8001AEBB3 /* Virtual TouristTests.xctest */;
			productType = "com.apple.product-type.bundle.unit-test";
		};
		256473C82256D4F8001AEBB3 /* Virtual TouristUITests */ = {
			isa = PBXNativeTarget;
			buildConfigurationList = 256473D82256D4F8001AEBB3 /* Build configuration list for PBXNativeTarget "Virtual TouristUITests" */;
			buildPhases = (
				256473C52256D4F8001AEBB3 /* Sources */,
				256473C62256D4F8001AEBB3 /* Frameworks */,
				256473C72256D4F8001AEBB3 /* Resources */,
			);
			buildRules = (
			);
			dependencies = (
				256473CB2256D4F8001AEBB3 /* PBXTargetDependency */,
			);
			name = "Virtual TouristUITests";
			productName = "Virtual TouristUITests";
			productReference = 256473C92256D4F8001AEBB3 /* Virtual TouristUITests.xctest */;
			productType = "com.apple.product-type.bundle.ui-testing";
		};
/* End PBXNativeTarget section */

/* Begin PBXProject section */
		2564739F2256D4F2001AEBB3 /* Project object */ = {
			isa = PBXProject;
			attributes = {
				LastSwiftUpdateCheck = 1010;
				LastUpgradeCheck = 1010;
				ORGANIZATIONNAME = "Mario Cezzare";
				TargetAttributes = {
					256473A62256D4F2001AEBB3 = {
						CreatedOnToolsVersion = 10.1;
					};
					256473BD2256D4F8001AEBB3 = {
						CreatedOnToolsVersion = 10.1;
						TestTargetID = 256473A62256D4F2001AEBB3;
					};
					256473C82256D4F8001AEBB3 = {
						CreatedOnToolsVersion = 10.1;
						TestTargetID = 256473A62256D4F2001AEBB3;
					};
				};
			};
			buildConfigurationList = 256473A22256D4F2001AEBB3 /* Build configuration list for PBXProject "Virtual Tourist" */;
			compatibilityVersion = "Xcode 9.3";
			developmentRegion = en;
			hasScannedForEncodings = 0;
			knownRegions = (
				en,
				Base,
			);
			mainGroup = 2564739E2256D4F2001AEBB3;
			productRefGroup = 256473A82256D4F2001AEBB3 /* Products */;
			projectDirPath = "";
			projectRoot = "";
			targets = (
				256473A62256D4F2001AEBB3 /* Virtual Tourist */,
				256473BD2256D4F8001AEBB3 /* Virtual TouristTests */,
				256473C82256D4F8001AEBB3 /* Virtual TouristUITests */,
			);
		};
/* End PBXProject section */

/* Begin PBXResourcesBuildPhase section */
		256473A52256D4F2001AEBB3 /* Resources */ = {
			isa = PBXResourcesBuildPhase;
			buildActionMask = 2147483647;
			files = (
				256473B82256D4F8001AEBB3 /* LaunchScreen.storyboard in Resources */,
				256473B52256D4F8001AEBB3 /* Assets.xcassets in Resources */,
				256473B02256D4F2001AEBB3 /* Main.storyboard in Resources */,
			);
			runOnlyForDeploymentPostprocessing = 0;
		};
		256473BC2256D4F8001AEBB3 /* Resources */ = {
			isa = PBXResourcesBuildPhase;
			buildActionMask = 2147483647;
			files = (
			);
			runOnlyForDeploymentPostprocessing = 0;
		};
		256473C72256D4F8001AEBB3 /* Resources */ = {
			isa = PBXResourcesBuildPhase;
			buildActionMask = 2147483647;
			files = (
			);
			runOnlyForDeploymentPostprocessing = 0;
		};
/* End PBXResourcesBuildPhase section */

/* Begin PBXSourcesBuildPhase section */
		256473A32256D4F2001AEBB3 /* Sources */ = {
			isa = PBXSourcesBuildPhase;
			buildActionMask = 2147483647;
			files = (
				256473EC225719BD001AEBB3 /* Photo+CoreDataProperties.swift in Sources */,
				256473EE225719BD001AEBB3 /* Pin+CoreDataProperties.swift in Sources */,
				25A44B012257FA3800402719 /* ViewController+Extensions.swift in Sources */,
				256473EB225719BD001AEBB3 /* Photo+CoreDataClass.swift in Sources */,
				256473B32256D4F2001AEBB3 /* Virtual_Tourist.xcdatamodeld in Sources */,
				256473AB2256D4F2001AEBB3 /* AppDelegate.swift in Sources */,
				256473E42256E498001AEBB3 /* PhotoAlbumViewController.swift in Sources */,
				256473ED225719BD001AEBB3 /* Pin+CoreDataClass.swift in Sources */,
				25A44B1B2258438900402719 /* Client.swift in Sources */,
				256473E22256E454001AEBB3 /* TravelLocationsViewController.swift in Sources */,
				25A44B112258426D00402719 /* PhotoAlbumViewController+Extension.swift in Sources */,
				25A44B1C2258438900402719 /* Client+Extension.swift in Sources */,
				25A44AFF2257F0DE00402719 /* CoreDataManager.swift in Sources */,
				25A44B132258429500402719 /* PhotosParser.swift in Sources */,
				256473E62256FDB3001AEBB3 /* PhotoViewCell.swift in Sources */,
			);
			runOnlyForDeploymentPostprocessing = 0;
		};
		256473BA2256D4F8001AEBB3 /* Sources */ = {
			isa = PBXSourcesBuildPhase;
			buildActionMask = 2147483647;
			files = (
				256473C32256D4F8001AEBB3 /* Virtual_TouristTests.swift in Sources */,
			);
			runOnlyForDeploymentPostprocessing = 0;
		};
		256473C52256D4F8001AEBB3 /* Sources */ = {
			isa = PBXSourcesBuildPhase;
			buildActionMask = 2147483647;
			files = (
				256473CE2256D4F8001AEBB3 /* Virtual_TouristUITests.swift in Sources */,
			);
			runOnlyForDeploymentPostprocessing = 0;
		};
/* End PBXSourcesBuildPhase section */

/* Begin PBXTargetDependency section */
		256473C02256D4F8001AEBB3 /* PBXTargetDependency */ = {
			isa = PBXTargetDependency;
			target = 256473A62256D4F2001AEBB3 /* Virtual Tourist */;
			targetProxy = 256473BF2256D4F8001AEBB3 /* PBXContainerItemProxy */;
		};
		256473CB2256D4F8001AEBB3 /* PBXTargetDependency */ = {
			isa = PBXTargetDependency;
			target = 256473A62256D4F2001AEBB3 /* Virtual Tourist */;
			targetProxy = 256473CA2256D4F8001AEBB3 /* PBXContainerItemProxy */;
		};
/* End PBXTargetDependency section */

/* Begin PBXVariantGroup section */
		256473AE2256D4F2001AEBB3 /* Main.storyboard */ = {
			isa = PBXVariantGroup;
			children = (
				256473AF2256D4F2001AEBB3 /* Base */,
			);
			name = Main.storyboard;
			sourceTree = "<group>";
		};
		256473B62256D4F8001AEBB3 /* LaunchScreen.storyboard */ = {
			isa = PBXVariantGroup;
			children = (
				256473B72256D4F8001AEBB3 /* Base */,
			);
			name = LaunchScreen.storyboard;
			sourceTree = "<group>";
		};
/* End PBXVariantGroup section */

/* Begin XCBuildConfiguration section */
		256473D02256D4F8001AEBB3 /* Debug */ = {
			isa = XCBuildConfiguration;
			buildSettings = {
				ALWAYS_SEARCH_USER_PATHS = NO;
				CLANG_ANALYZER_NONNULL = YES;
				CLANG_ANALYZER_NUMBER_OBJECT_CONVERSION = YES_AGGRESSIVE;
				CLANG_CXX_LANGUAGE_STANDARD = "gnu++14";
				CLANG_CXX_LIBRARY = "libc++";
				CLANG_ENABLE_MODULES = YES;
				CLANG_ENABLE_OBJC_ARC = YES;
				CLANG_ENABLE_OBJC_WEAK = YES;
				CLANG_WARN_BLOCK_CAPTURE_AUTORELEASING = YES;
				CLANG_WARN_BOOL_CONVERSION = YES;
				CLANG_WARN_COMMA = YES;
				CLANG_WARN_CONSTANT_CONVERSION = YES;
				CLANG_WARN_DEPRECATED_OBJC_IMPLEMENTATIONS = YES;
				CLANG_WARN_DIRECT_OBJC_ISA_USAGE = YES_ERROR;
				CLANG_WARN_DOCUMENTATION_COMMENTS = YES;
				CLANG_WARN_EMPTY_BODY = YES;
				CLANG_WARN_ENUM_CONVERSION = YES;
				CLANG_WARN_INFINITE_RECURSION = YES;
				CLANG_WARN_INT_CONVERSION = YES;
				CLANG_WARN_NON_LITERAL_NULL_CONVERSION = YES;
				CLANG_WARN_OBJC_IMPLICIT_RETAIN_SELF = YES;
				CLANG_WARN_OBJC_LITERAL_CONVERSION = YES;
				CLANG_WARN_OBJC_ROOT_CLASS = YES_ERROR;
				CLANG_WARN_RANGE_LOOP_ANALYSIS = YES;
				CLANG_WARN_STRICT_PROTOTYPES = YES;
				CLANG_WARN_SUSPICIOUS_MOVE = YES;
				CLANG_WARN_UNGUARDED_AVAILABILITY = YES_AGGRESSIVE;
				CLANG_WARN_UNREACHABLE_CODE = YES;
				CLANG_WARN__DUPLICATE_METHOD_MATCH = YES;
				CODE_SIGN_IDENTITY = "iPhone Developer";
				COPY_PHASE_STRIP = NO;
				DEBUG_INFORMATION_FORMAT = dwarf;
				ENABLE_STRICT_OBJC_MSGSEND = YES;
				ENABLE_TESTABILITY = YES;
				GCC_C_LANGUAGE_STANDARD = gnu11;
				GCC_DYNAMIC_NO_PIC = NO;
				GCC_NO_COMMON_BLOCKS = YES;
				GCC_OPTIMIZATION_LEVEL = 0;
				GCC_PREPROCESSOR_DEFINITIONS = (
					"DEBUG=1",
					"$(inherited)",
				);
				GCC_WARN_64_TO_32_BIT_CONVERSION = YES;
				GCC_WARN_ABOUT_RETURN_TYPE = YES_ERROR;
				GCC_WARN_UNDECLARED_SELECTOR = YES;
				GCC_WARN_UNINITIALIZED_AUTOS = YES_AGGRESSIVE;
				GCC_WARN_UNUSED_FUNCTION = YES;
				GCC_WARN_UNUSED_VARIABLE = YES;
				IPHONEOS_DEPLOYMENT_TARGET = 12.1;
				MTL_ENABLE_DEBUG_INFO = INCLUDE_SOURCE;
				MTL_FAST_MATH = YES;
				ONLY_ACTIVE_ARCH = YES;
				SDKROOT = iphoneos;
				SWIFT_ACTIVE_COMPILATION_CONDITIONS = DEBUG;
				SWIFT_OPTIMIZATION_LEVEL = "-Onone";
			};
			name = Debug;
		};
		256473D12256D4F8001AEBB3 /* Release */ = {
			isa = XCBuildConfiguration;
			buildSettings = {
				ALWAYS_SEARCH_USER_PATHS = NO;
				CLANG_ANALYZER_NONNULL = YES;
				CLANG_ANALYZER_NUMBER_OBJECT_CONVERSION = YES_AGGRESSIVE;
				CLANG_CXX_LANGUAGE_STANDARD = "gnu++14";
				CLANG_CXX_LIBRARY = "libc++";
				CLANG_ENABLE_MODULES = YES;
				CLANG_ENABLE_OBJC_ARC = YES;
				CLANG_ENABLE_OBJC_WEAK = YES;
				CLANG_WARN_BLOCK_CAPTURE_AUTORELEASING = YES;
				CLANG_WARN_BOOL_CONVERSION = YES;
				CLANG_WARN_COMMA = YES;
				CLANG_WARN_CONSTANT_CONVERSION = YES;
				CLANG_WARN_DEPRECATED_OBJC_IMPLEMENTATIONS = YES;
				CLANG_WARN_DIRECT_OBJC_ISA_USAGE = YES_ERROR;
				CLANG_WARN_DOCUMENTATION_COMMENTS = YES;
				CLANG_WARN_EMPTY_BODY = YES;
				CLANG_WARN_ENUM_CONVERSION = YES;
				CLANG_WARN_INFINITE_RECURSION = YES;
				CLANG_WARN_INT_CONVERSION = YES;
				CLANG_WARN_NON_LITERAL_NULL_CONVERSION = YES;
				CLANG_WARN_OBJC_IMPLICIT_RETAIN_SELF = YES;
				CLANG_WARN_OBJC_LITERAL_CONVERSION = YES;
				CLANG_WARN_OBJC_ROOT_CLASS = YES_ERROR;
				CLANG_WARN_RANGE_LOOP_ANALYSIS = YES;
				CLANG_WARN_STRICT_PROTOTYPES = YES;
				CLANG_WARN_SUSPICIOUS_MOVE = YES;
				CLANG_WARN_UNGUARDED_AVAILABILITY = YES_AGGRESSIVE;
				CLANG_WARN_UNREACHABLE_CODE = YES;
				CLANG_WARN__DUPLICATE_METHOD_MATCH = YES;
				CODE_SIGN_IDENTITY = "iPhone Developer";
				COPY_PHASE_STRIP = NO;
				DEBUG_INFORMATION_FORMAT = "dwarf-with-dsym";
				ENABLE_NS_ASSERTIONS = NO;
				ENABLE_STRICT_OBJC_MSGSEND = YES;
				GCC_C_LANGUAGE_STANDARD = gnu11;
				GCC_NO_COMMON_BLOCKS = YES;
				GCC_WARN_64_TO_32_BIT_CONVERSION = YES;
				GCC_WARN_ABOUT_RETURN_TYPE = YES_ERROR;
				GCC_WARN_UNDECLARED_SELECTOR = YES;
				GCC_WARN_UNINITIALIZED_AUTOS = YES_AGGRESSIVE;
				GCC_WARN_UNUSED_FUNCTION = YES;
				GCC_WARN_UNUSED_VARIABLE = YES;
				IPHONEOS_DEPLOYMENT_TARGET = 12.1;
				MTL_ENABLE_DEBUG_INFO = NO;
				MTL_FAST_MATH = YES;
				SDKROOT = iphoneos;
				SWIFT_COMPILATION_MODE = wholemodule;
				SWIFT_OPTIMIZATION_LEVEL = "-O";
				VALIDATE_PRODUCT = YES;
			};
			name = Release;
		};
		256473D32256D4F8001AEBB3 /* Debug */ = {
			isa = XCBuildConfiguration;
			buildSettings = {
				ASSETCATALOG_COMPILER_APPICON_NAME = AppIcon;
				CODE_SIGN_STYLE = Automatic;
				INFOPLIST_FILE = "Virtual Tourist/Info.plist";
				LD_RUNPATH_SEARCH_PATHS = (
					"$(inherited)",
					"@executable_path/Frameworks",
				);
				PRODUCT_BUNDLE_IDENTIFIER = "com.mcezzare.Virtual-Tourist";
				PRODUCT_NAME = "$(TARGET_NAME)";
				SWIFT_VERSION = 4.2;
				TARGETED_DEVICE_FAMILY = "1,2";
			};
			name = Debug;
		};
		256473D42256D4F8001AEBB3 /* Release */ = {
			isa = XCBuildConfiguration;
			buildSettings = {
				ASSETCATALOG_COMPILER_APPICON_NAME = AppIcon;
				CODE_SIGN_STYLE = Automatic;
				INFOPLIST_FILE = "Virtual Tourist/Info.plist";
				LD_RUNPATH_SEARCH_PATHS = (
					"$(inherited)",
					"@executable_path/Frameworks",
				);
				PRODUCT_BUNDLE_IDENTIFIER = "com.mcezzare.Virtual-Tourist";
				PRODUCT_NAME = "$(TARGET_NAME)";
				SWIFT_VERSION = 4.2;
				TARGETED_DEVICE_FAMILY = "1,2";
			};
			name = Release;
		};
		256473D62256D4F8001AEBB3 /* Debug */ = {
			isa = XCBuildConfiguration;
			buildSettings = {
				ALWAYS_EMBED_SWIFT_STANDARD_LIBRARIES = YES;
				BUNDLE_LOADER = "$(TEST_HOST)";
				CODE_SIGN_STYLE = Automatic;
				INFOPLIST_FILE = "Virtual TouristTests/Info.plist";
				LD_RUNPATH_SEARCH_PATHS = (
					"$(inherited)",
					"@executable_path/Frameworks",
					"@loader_path/Frameworks",
				);
				PRODUCT_BUNDLE_IDENTIFIER = "com.mcezzare.Virtual-TouristTests";
				PRODUCT_NAME = "$(TARGET_NAME)";
				SWIFT_VERSION = 4.2;
				TARGETED_DEVICE_FAMILY = "1,2";
				TEST_HOST = "$(BUILT_PRODUCTS_DIR)/Virtual Tourist.app/Virtual Tourist";
			};
			name = Debug;
		};
		256473D72256D4F8001AEBB3 /* Release */ = {
			isa = XCBuildConfiguration;
			buildSettings = {
				ALWAYS_EMBED_SWIFT_STANDARD_LIBRARIES = YES;
				BUNDLE_LOADER = "$(TEST_HOST)";
				CODE_SIGN_STYLE = Automatic;
				INFOPLIST_FILE = "Virtual TouristTests/Info.plist";
				LD_RUNPATH_SEARCH_PATHS = (
					"$(inherited)",
					"@executable_path/Frameworks",
					"@loader_path/Frameworks",
				);
				PRODUCT_BUNDLE_IDENTIFIER = "com.mcezzare.Virtual-TouristTests";
				PRODUCT_NAME = "$(TARGET_NAME)";
				SWIFT_VERSION = 4.2;
				TARGETED_DEVICE_FAMILY = "1,2";
				TEST_HOST = "$(BUILT_PRODUCTS_DIR)/Virtual Tourist.app/Virtual Tourist";
			};
			name = Release;
		};
		256473D92256D4F8001AEBB3 /* Debug */ = {
			isa = XCBuildConfiguration;
			buildSettings = {
				ALWAYS_EMBED_SWIFT_STANDARD_LIBRARIES = YES;
				CODE_SIGN_STYLE = Automatic;
				INFOPLIST_FILE = "Virtual TouristUITests/Info.plist";
				LD_RUNPATH_SEARCH_PATHS = (
					"$(inherited)",
					"@executable_path/Frameworks",
					"@loader_path/Frameworks",
				);
				PRODUCT_BUNDLE_IDENTIFIER = "com.mcezzare.Virtual-TouristUITests";
				PRODUCT_NAME = "$(TARGET_NAME)";
				SWIFT_VERSION = 4.2;
				TARGETED_DEVICE_FAMILY = "1,2";
				TEST_TARGET_NAME = "Virtual Tourist";
			};
			name = Debug;
		};
		256473DA2256D4F8001AEBB3 /* Release */ = {
			isa = XCBuildConfiguration;
			buildSettings = {
				ALWAYS_EMBED_SWIFT_STANDARD_LIBRARIES = YES;
				CODE_SIGN_STYLE = Automatic;
				INFOPLIST_FILE = "Virtual TouristUITests/Info.plist";
				LD_RUNPATH_SEARCH_PATHS = (
					"$(inherited)",
					"@executable_path/Frameworks",
					"@loader_path/Frameworks",
				);
				PRODUCT_BUNDLE_IDENTIFIER = "com.mcezzare.Virtual-TouristUITests";
				PRODUCT_NAME = "$(TARGET_NAME)";
				SWIFT_VERSION = 4.2;
				TARGETED_DEVICE_FAMILY = "1,2";
				TEST_TARGET_NAME = "Virtual Tourist";
			};
			name = Release;
		};
/* End XCBuildConfiguration section */

/* Begin XCConfigurationList section */
		256473A22256D4F2001AEBB3 /* Build configuration list for PBXProject "Virtual Tourist" */ = {
			isa = XCConfigurationList;
			buildConfigurations = (
				256473D02256D4F8001AEBB3 /* Debug */,
				256473D12256D4F8001AEBB3 /* Release */,
			);
			defaultConfigurationIsVisible = 0;
			defaultConfigurationName = Release;
		};
		256473D22256D4F8001AEBB3 /* Build configuration list for PBXNativeTarget "Virtual Tourist" */ = {
			isa = XCConfigurationList;
			buildConfigurations = (
				256473D32256D4F8001AEBB3 /* Debug */,
				256473D42256D4F8001AEBB3 /* Release */,
			);
			defaultConfigurationIsVisible = 0;
			defaultConfigurationName = Release;
		};
		256473D52256D4F8001AEBB3 /* Build configuration list for PBXNativeTarget "Virtual TouristTests" */ = {
			isa = XCConfigurationList;
			buildConfigurations = (
				256473D62256D4F8001AEBB3 /* Debug */,
				256473D72256D4F8001AEBB3 /* Release */,
			);
			defaultConfigurationIsVisible = 0;
			defaultConfigurationName = Release;
		};
		256473D82256D4F8001AEBB3 /* Build configuration list for PBXNativeTarget "Virtual TouristUITests" */ = {
			isa = XCConfigurationList;
			buildConfigurations = (
				256473D92256D4F8001AEBB3 /* Debug */,
				256473DA2256D4F8001AEBB3 /* Release */,
			);
			defaultConfigurationIsVisible = 0;
			defaultConfigurationName = Release;
		};
/* End XCConfigurationList section */

/* Begin XCVersionGroup section */
		256473B12256D4F2001AEBB3 /* Virtual_Tourist.xcdatamodeld */ = {
			isa = XCVersionGroup;
			children = (
				256473B22256D4F2001AEBB3 /* Virtual_Tourist.xcdatamodel */,
			);
			currentVersion = 256473B22256D4F2001AEBB3 /* Virtual_Tourist.xcdatamodel */;
			path = Virtual_Tourist.xcdatamodeld;
			sourceTree = "<group>";
			versionGroupType = wrapper.xcdatamodel;
		};
/* End XCVersionGroup section */
	};
	rootObject = 2564739F2256D4F2001AEBB3 /* Project object */;
}
